
Microsoft Visual Studio Solution File, Format Version 12.00
# Visual Studio Version 17
VisualStudioVersion = 17.8.34525.116
MinimumVisualStudioVersion = 10.0.40219.1
Project("{9A19103F-16F7-4668-BE54-9A1E7A4F7556}") = "individuellInlämning", "individuellInlämning\individuellInlämning.csproj", "{55206718-98DA-4C45-AEAC-9C636B79740E}"
EndProject
Global
	GlobalSection(SolutionConfigurationPlatforms) = preSolution
		Debug|Any CPU = Debug|Any CPU
		Release|Any CPU = Release|Any CPU
	EndGlobalSection
	GlobalSection(ProjectConfigurationPlatforms) = postSolution
		{55206718-98DA-4C45-AEAC-9C636B79740E}.Debug|Any CPU.ActiveCfg = Debug|Any CPU
		{55206718-98DA-4C45-AEAC-9C636B79740E}.Debug|Any CPU.Build.0 = Debug|Any CPU
		{55206718-98DA-4C45-AEAC-9C636B79740E}.Release|Any CPU.ActiveCfg = Release|Any CPU
		{55206718-98DA-4C45-AEAC-9C636B79740E}.Release|Any CPU.Build.0 = Release|Any CPU
	EndGlobalSection
	GlobalSection(SolutionProperties) = preSolution
		HideSolutionNode = FALSE
	EndGlobalSection
	GlobalSection(ExtensibilityGlobals) = postSolution
		SolutionGuid = {A90DC323-7413-4CA4-AAC2-73006886E3A5}
	EndGlobalSection
EndGlobal
